
Microsoft Visual Studio Solution File, Format Version 12.00
# Visual Studio Version 17
VisualStudioVersion = 17.5.2.0
MinimumVisualStudioVersion = 10.0.40219.1
Project("{FAE04EC0-301F-11D3-BF4B-00C04F79EFBC}") = "WallpaperMVP", "src\Wallpaper\WallpaperMVP.csproj", "{5F509AF9-9885-FD10-0B5A-30014841F1EC}"
EndProject
Project("{2150E333-8FDC-42A3-9474-1A3956D46DE8}") = "Tools", "Tools", "{07C2787E-EAC7-C090-1BA3-A61EC2A24D84}"
EndProject
Project("{FAE04EC0-301F-11D3-BF4B-00C04F79EFBC}") = "ShaderCompiler", "Tools\ShaderCompiler\ShaderCompiler.csproj", "{BAA2BB07-37A4-419A-B12C-649BED3E28AE}"
EndProject
Project("{FAE04EC0-301F-11D3-BF4B-00C04F79EFBC}") = "ShaderConvention", "Tools\ShaderConvention\ShaderConvention.csproj", "{777A4E33-D96D-449F-9BE3-D6C7125FA8C9}"
EndProject
Global
	GlobalSection(SolutionConfigurationPlatforms) = preSolution
		Debug|Any CPU = Debug|Any CPU
		Debug|x64 = Debug|x64
		Debug|x86 = Debug|x86
		Release|Any CPU = Release|Any CPU
		Release|x64 = Release|x64
		Release|x86 = Release|x86
	EndGlobalSection
	GlobalSection(ProjectConfigurationPlatforms) = postSolution
		{5F509AF9-9885-FD10-0B5A-30014841F1EC}.Debug|Any CPU.ActiveCfg = Debug|Any CPU
		{5F509AF9-9885-FD10-0B5A-30014841F1EC}.Debug|Any CPU.Build.0 = Debug|Any CPU
		{5F509AF9-9885-FD10-0B5A-30014841F1EC}.Debug|x64.ActiveCfg = Debug|Any CPU
		{5F509AF9-9885-FD10-0B5A-30014841F1EC}.Debug|x64.Build.0 = Debug|Any CPU
		{5F509AF9-9885-FD10-0B5A-30014841F1EC}.Debug|x86.ActiveCfg = Debug|Any CPU
		{5F509AF9-9885-FD10-0B5A-30014841F1EC}.Debug|x86.Build.0 = Debug|Any CPU
		{5F509AF9-9885-FD10-0B5A-30014841F1EC}.Release|Any CPU.ActiveCfg = Release|Any CPU
		{5F509AF9-9885-FD10-0B5A-30014841F1EC}.Release|Any CPU.Build.0 = Release|Any CPU
		{5F509AF9-9885-FD10-0B5A-30014841F1EC}.Release|x64.ActiveCfg = Release|Any CPU
		{5F509AF9-9885-FD10-0B5A-30014841F1EC}.Release|x64.Build.0 = Release|Any CPU
		{5F509AF9-9885-FD10-0B5A-30014841F1EC}.Release|x86.ActiveCfg = Release|Any CPU
		{5F509AF9-9885-FD10-0B5A-30014841F1EC}.Release|x86.Build.0 = Release|Any CPU
		{BAA2BB07-37A4-419A-B12C-649BED3E28AE}.Debug|Any CPU.ActiveCfg = Debug|Any CPU
		{BAA2BB07-37A4-419A-B12C-649BED3E28AE}.Debug|Any CPU.Build.0 = Debug|Any CPU
		{BAA2BB07-37A4-419A-B12C-649BED3E28AE}.Debug|x64.ActiveCfg = Debug|Any CPU
		{BAA2BB07-37A4-419A-B12C-649BED3E28AE}.Debug|x64.Build.0 = Debug|Any CPU
		{BAA2BB07-37A4-419A-B12C-649BED3E28AE}.Debug|x86.ActiveCfg = Debug|Any CPU
		{BAA2BB07-37A4-419A-B12C-649BED3E28AE}.Debug|x86.Build.0 = Debug|Any CPU
		{BAA2BB07-37A4-419A-B12C-649BED3E28AE}.Release|Any CPU.ActiveCfg = Release|Any CPU
		{BAA2BB07-37A4-419A-B12C-649BED3E28AE}.Release|Any CPU.Build.0 = Release|Any CPU
		{BAA2BB07-37A4-419A-B12C-649BED3E28AE}.Release|x64.ActiveCfg = Release|Any CPU
		{BAA2BB07-37A4-419A-B12C-649BED3E28AE}.Release|x64.Build.0 = Release|Any CPU
		{BAA2BB07-37A4-419A-B12C-649BED3E28AE}.Release|x86.ActiveCfg = Release|Any CPU
		{BAA2BB07-37A4-419A-B12C-649BED3E28AE}.Release|x86.Build.0 = Release|Any CPU
		{777A4E33-D96D-449F-9BE3-D6C7125FA8C9}.Debug|Any CPU.ActiveCfg = Debug|Any CPU
		{777A4E33-D96D-449F-9BE3-D6C7125FA8C9}.Debug|Any CPU.Build.0 = Debug|Any CPU
		{777A4E33-D96D-449F-9BE3-D6C7125FA8C9}.Debug|x64.ActiveCfg = Debug|Any CPU
		{777A4E33-D96D-449F-9BE3-D6C7125FA8C9}.Debug|x64.Build.0 = Debug|Any CPU
		{777A4E33-D96D-449F-9BE3-D6C7125FA8C9}.Debug|x86.ActiveCfg = Debug|Any CPU
		{777A4E33-D96D-449F-9BE3-D6C7125FA8C9}.Debug|x86.Build.0 = Debug|Any CPU
		{777A4E33-D96D-449F-9BE3-D6C7125FA8C9}.Release|Any CPU.ActiveCfg = Release|Any CPU
		{777A4E33-D96D-449F-9BE3-D6C7125FA8C9}.Release|Any CPU.Build.0 = Release|Any CPU
		{777A4E33-D96D-449F-9BE3-D6C7125FA8C9}.Release|x64.ActiveCfg = Release|Any CPU
		{777A4E33-D96D-449F-9BE3-D6C7125FA8C9}.Release|x64.Build.0 = Release|Any CPU
		{777A4E33-D96D-449F-9BE3-D6C7125FA8C9}.Release|x86.ActiveCfg = Release|Any CPU
		{777A4E33-D96D-449F-9BE3-D6C7125FA8C9}.Release|x86.Build.0 = Release|Any CPU
	EndGlobalSection
	GlobalSection(SolutionProperties) = preSolution
		HideSolutionNode = FALSE
	EndGlobalSection
	GlobalSection(NestedProjects) = preSolution
		{BAA2BB07-37A4-419A-B12C-649BED3E28AE} = {07C2787E-EAC7-C090-1BA3-A61EC2A24D84}
		{777A4E33-D96D-449F-9BE3-D6C7125FA8C9} = {07C2787E-EAC7-C090-1BA3-A61EC2A24D84}
	EndGlobalSection
	GlobalSection(ExtensibilityGlobals) = postSolution
		SolutionGuid = {C05B85FD-C381-4E70-ACB2-071CF1C41937}
	EndGlobalSection
EndGlobal
